dependencies:
- name: nats
  repository: https://nats-io.github.io/k8s/helm/charts/
  version: 2.12.4
- name: cloudnative-pg
  repository: https://cloudnative-pg.github.io/charts
  version: 0.27.1
- name: valkey
  repository: https://charts.bitnami.com/bitnami
  version: 5.3.0
- name: keycloak
  repository: https://charts.bitnami.com/bitnami
  version: 25.2.0
- name: minio
  repository: https://charts.min.io/
  version: 5.4.0
- name: ingress-nginx
  repository: https://kubernetes.github.io/ingress-nginx
  version: 4.14.3
- name: cert-manager
  repository: https://charts.jetstack.io
  version: v1.19.3
- name: external-secrets
  repository: https://charts.external-secrets.io
  version: 2.0.1
- name: kube-prometheus-stack
  repository: https://prometheus-community.github.io/helm-charts
  version: 82.2.0
- name: opentelemetry-collector
  repository: https://open-telemetry.github.io/opentelemetry-helm-charts
  version: 0.145.0
digest: sha256:16c08b681f7a76710f3b479fae90d8f2cf325da002568523ac21122c97dd7fa8
generated: "2026-03-10T07:50:30.285669-04:00"
