dependencies:
- name: nats
  repository: https://nats-io.github.io/k8s/helm/charts/
  version: 2.12.4
- name: cloudnative-pg
  repository: https://cloudnative-pg.github.io/charts
  version: 0.27.1
- name: valkey
  repository: https://charts.bitnami.com/bitnami
  version: 5.3.0
- name: keycloak
  repository: https://charts.bitnami.com/bitnami
  version: 25.2.0
- name: minio
  repository: https://charts.min.io/
  version: 5.4.0
- name: ingress-nginx
  repository: https://kubernetes.github.io/ingress-nginx
  version: 4.14.3
- name: cert-manager
  repository: https://charts.jetstack.io
  version: v1.19.3
digest: sha256:49b10592602bf4d91f28c82429c304c24b150a2c0e517bf1e675fe725917cb89
generated: "2026-03-07T20:57:57.270583-05:00"
